
Microsoft Visual Studio Solution File, Format Version 12.00
# Visual Studio Version 16
VisualStudioVersion = 16.0.30204.135
MinimumVisualStudioVersion = 10.0.40219.1
Project("{FAE04EC0-301F-11D3-BF4B-00C04F79EFBC}") = "Calculator", "Calculator\Calculator.csproj", "{1A0713E3-8931-4A74-8FE9-FA6331505896}"
EndProject
Global
	GlobalSection(SolutionConfigurationPlatforms) = preSolution
		Debug|Any CPU = Debug|Any CPU
		Release|Any CPU = Release|Any CPU
	EndGlobalSection
	GlobalSection(ProjectConfigurationPlatforms) = postSolution
		{1A0713E3-8931-4A74-8FE9-FA6331505896}.Debug|Any CPU.ActiveCfg = Debug|Any CPU
		{1A0713E3-8931-4A74-8FE9-FA6331505896}.Debug|Any CPU.Build.0 = Debug|Any CPU
		{1A0713E3-8931-4A74-8FE9-FA6331505896}.Release|Any CPU.ActiveCfg = Release|Any CPU
		{1A0713E3-8931-4A74-8FE9-FA6331505896}.Release|Any CPU.Build.0 = Release|Any CPU
	EndGlobalSection
	GlobalSection(SolutionProperties) = preSolution
		HideSolutionNode = FALSE
	EndGlobalSection
	GlobalSection(ExtensibilityGlobals) = postSolution
		SolutionGuid = {6853632A-CBA0-45FD-B805-F799C3E3DB4E}
	EndGlobalSection
EndGlobal
